// !$*UTF8*$!
{
	archiveVersion = 1;
	classes = {
	};
	objectVersion = 56;
	objects = {

/* Begin PBXBuildFile section */
		BD53167E2ABAEC0D00063CA1 /* Tutorial101App.swift in Sources */ = {isa = PBXBuildFile; fileRef = BD53167D2ABAEC0D00063CA1 /* Tutorial101App.swift */; };
		BD5316802ABAEC0D00063CA1 /* ContentView.swift in Sources */ = {isa = PBXBuildFile; fileRef = BD53167F2ABAEC0D00063CA1 /* ContentView.swift */; };
		BD5316822ABAEC0E00063CA1 /* Assets.xcassets in Resources */ = {isa = PBXBuildFile; fileRef = BD5316812ABAEC0E00063CA1 /* Assets.xcassets */; };
		BD5316852ABAEC0E00063CA1 /* Preview Assets.xcassets in Resources */ = {isa = PBXBuildFile; fileRef = BD5316842ABAEC0E00063CA1 /* Preview Assets.xcassets */; };
		BD53168F2ABAEC0E00063CA1 /* Tutorial101Tests.swift in Sources */ = {isa = PBXBuildFile; fileRef = BD53168E2ABAEC0E00063CA1 /* Tutorial101Tests.swift */; };
		BD5316992ABAEC0E00063CA1 /* Tutorial101UITests.swift in Sources */ = {isa = PBXBuildFile; fileRef = BD5316982ABAEC0E00063CA1 /* Tutorial101UITests.swift */; };
		BD53169B2ABAEC0E00063CA1 /* Tutorial101UITestsLaunchTests.swift in Sources */ = {isa = PBXBuildFile; fileRef = BD53169A2ABAEC0E00063CA1 /* Tutorial101UITestsLaunchTests.swift */; };
/* End PBXBuildFile section */

/* Begin PBXContainerItemProxy section */
		BD53168B2ABAEC0E00063CA1 /* PBXContainerItemProxy */ = {
			isa = PBXContainerItemProxy;
			containerPortal = BD5316722ABAEC0C00063CA1 /* Project object */;
			proxyType = 1;
			remoteGlobalIDString = BD5316792ABAEC0D00063CA1;
			remoteInfo = Tutorial101;
		};
		BD5316952ABAEC0E00063CA1 /* PBXContainerItemProxy */ = {
			isa = PBXContainerItemProxy;
			containerPortal = BD5316722ABAEC0C00063CA1 /* Project object */;
			proxyType = 1;
			remoteGlobalIDString = BD5316792ABAEC0D00063CA1;
			remoteInfo = Tutorial101;
		};
/* End PBXContainerItemProxy section */

/* Begin PBXFileReference section */
		BD53167A2ABAEC0D00063CA1 /* Tutorial101.app */ = {isa = PBXFileReference; explicitFileType = wrapper.application; includeInIndex = 0; path = Tutorial101.app; sourceTree = BUILT_PRODUCTS_DIR; };
		BD53167D2ABAEC0D00063CA1 /* Tutorial101App.swift */ = {isa = PBXFileReference; lastKnownFileType = sourcecode.swift; path = Tutorial101App.swift; sourceTree = "<group>"; };
		BD53167F2ABAEC0D00063CA1 /* ContentView.swift */ = {isa = PBXFileReference; lastKnownFileType = sourcecode.swift; path = ContentView.swift; sourceTree = "<group>"; };
		BD5316812ABAEC0E00063CA1 /* Assets.xcassets */ = {isa = PBXFileReference; lastKnownFileType = folder.assetcatalog; path = Assets.xcassets; sourceTree = "<group>"; };
		BD5316842ABAEC0E00063CA1 /* Preview Assets.xcassets */ = {isa = PBXFileReference; lastKnownFileType = folder.assetcatalog; path = "Preview Assets.xcassets"; sourceTree = "<group>"; };
		BD53168A2ABAEC0E00063CA1 /* Tutorial101Tests.xctest */ = {isa = PBXFileReference; explicitFileType = wrapper.cfbundle; includeInIndex = 0; path = Tutorial101Tests.xctest; sourceTree = BUILT_PRODUCTS_DIR; };
		BD53168E2ABAEC0E00063CA1 /* Tutorial101Tests.swift */ = {isa = PBXFileReference; lastKnownFileType = sourcecode.swift; path = Tutorial101Tests.swift; sourceTree = "<group>"; };
		BD5316942ABAEC0E00063CA1 /* Tutorial101UITests.xctest */ = {isa = PBXFileReference; explicitFileType = wrapper.cfbundle; includeInIndex = 0; path = Tutorial101UITests.xctest; sourceTree = BUILT_PRODUCTS_DIR; };
		BD5316982ABAEC0E00063CA1 /* Tutorial101UITests.swift */ = {isa = PBXFileReference; lastKnownFileType = sourcecode.swift; path = Tutorial101UITests.swift; sourceTree = "<group>"; };
		BD53169A2ABAEC0E00063CA1 /* Tutorial101UITestsLaunchTests.swift */ = {isa = PBXFileReference; lastKnownFileType = sourcecode.swift; path = Tutorial101UITestsLaunchTests.swift; sourceTree = "<group>"; };
/* End PBXFileReference section */

/* Begin PBXFrameworksBuildPhase section */
		BD5316772ABAEC0D00063CA1 /* Frameworks */ = {
			isa = PBXFrameworksBuildPhase;
			buildActionMask = 2147483647;
			files = (
			);
			runOnlyForDeploymentPostprocessing = 0;
		};
		BD5316872ABAEC0E00063CA1 /* Frameworks */ = {
			isa = PBXFrameworksBuildPhase;
			buildActionMask = 2147483647;
			files = (
			);
			runOnlyForDeploymentPostprocessing = 0;
		};
		BD5316912ABAEC0E00063CA1 /* Frameworks */ = {
			isa = PBXFrameworksBuildPhase;
			buildActionMask = 2147483647;
			files = (
			);
			runOnlyForDeploymentPostprocessing = 0;
		};
/* End PBXFrameworksBuildPhase section */

/* Begin PBXGroup section */
		BD5316712ABAEC0C00063CA1 = {
			isa = PBXGroup;
			children = (
				BD53167C2ABAEC0D00063CA1 /* Tutorial101 */,
				BD53168D2ABAEC0E00063CA1 /* Tutorial101Tests */,
				BD5316972ABAEC0E00063CA1 /* Tutorial101UITests */,
				BD53167B2ABAEC0D00063CA1 /* Products */,
			);
			sourceTree = "<group>";
		};
		BD53167B2ABAEC0D00063CA1 /* Products */ = {
			isa = PBXGroup;
			children = (
				BD53167A2ABAEC0D00063CA1 /* Tutorial101.app */,
				BD53168A2ABAEC0E00063CA1 /* Tutorial101Tests.xctest */,
				BD5316942ABAEC0E00063CA1 /* Tutorial101UITests.xctest */,
			);
			name = Products;
			sourceTree = "<group>";
		};
		BD53167C2ABAEC0D00063CA1 /* Tutorial101 */ = {
			isa = PBXGroup;
			children = (
				BD53167D2ABAEC0D00063CA1 /* Tutorial101App.swift */,
				BD53167F2ABAEC0D00063CA1 /* ContentView.swift */,
				BD5316812ABAEC0E00063CA1 /* Assets.xcassets */,
				BD5316832ABAEC0E00063CA1 /* Preview Content */,
			);
			path = Tutorial101;
			sourceTree = "<group>";
		};
		BD5316832ABAEC0E00063CA1 /* Preview Content */ = {
			isa = PBXGroup;
			children = (
				BD5316842ABAEC0E00063CA1 /* Preview Assets.xcassets */,
			);
			path = "Preview Content";
			sourceTree = "<group>";
		};
		BD53168D2ABAEC0E00063CA1 /* Tutorial101Tests */ = {
			isa = PBXGroup;
			children = (
				BD53168E2ABAEC0E00063CA1 /* Tutorial101Tests.swift */,
			);
			path = Tutorial101Tests;
			sourceTree = "<group>";
		};
		BD5316972ABAEC0E00063CA1 /* Tutorial101UITests */ = {
			isa = PBXGroup;
			children = (
				BD5316982ABAEC0E00063CA1 /* Tutorial101UITests.swift */,
				BD53169A2ABAEC0E00063CA1 /* Tutorial101UITestsLaunchTests.swift */,
			);
			path = Tutorial101UITests;
			sourceTree = "<group>";
		};
/* End PBXGroup section */

/* Begin PBXNativeTarget section */
		BD5316792ABAEC0D00063CA1 /* Tutorial101 */ = {
			isa = PBXNativeTarget;
			buildConfigurationList = BD53169E2ABAEC0E00063CA1 /* Build configuration list for PBXNativeTarget "Tutorial101" */;
			buildPhases = (
				BD5316762ABAEC0D00063CA1 /* Sources */,
				BD5316772ABAEC0D00063CA1 /* Frameworks */,
				BD5316782ABAEC0D00063CA1 /* Resources */,
			);
			buildRules = (
			);
			dependencies = (
			);
			name = Tutorial101;
			productName = Tutorial101;
			productReference = BD53167A2ABAEC0D00063CA1 /* Tutorial101.app */;
			productType = "com.apple.product-type.application";
		};
		BD5316892ABAEC0E00063CA1 /* Tutorial101Tests */ = {
			isa = PBXNativeTarget;
			buildConfigurationList = BD5316A12ABAEC0E00063CA1 /* Build configuration list for PBXNativeTarget "Tutorial101Tests" */;
			buildPhases = (
				BD5316862ABAEC0E00063CA1 /* Sources */,
				BD5316872ABAEC0E00063CA1 /* Frameworks */,
				BD5316882ABAEC0E00063CA1 /* Resources */,
			);
			buildRules = (
			);
			dependencies = (
				BD53168C2ABAEC0E00063CA1 /* PBXTargetDependency */,
			);
			name = Tutorial101Tests;
			productName = Tutorial101Tests;
			productReference = BD53168A2ABAEC0E00063CA1 /* Tutorial101Tests.xctest */;
			productType = "com.apple.product-type.bundle.unit-test";
		};
		BD5316932ABAEC0E00063CA1 /* Tutorial101UITests */ = {
			isa = PBXNativeTarget;
			buildConfigurationList = BD5316A42ABAEC0E00063CA1 /* Build configuration list for PBXNativeTarget "Tutorial101UITests" */;
			buildPhases = (
				BD5316902ABAEC0E00063CA1 /* Sources */,
				BD5316912ABAEC0E00063CA1 /* Frameworks */,
				BD5316922ABAEC0E00063CA1 /* Resources */,
			);
			buildRules = (
			);
			dependencies = (
				BD5316962ABAEC0E00063CA1 /* PBXTargetDependency */,
			);
			name = Tutorial101UITests;
			productName = Tutorial101UITests;
			productReference = BD5316942ABAEC0E00063CA1 /* Tutorial101UITests.xctest */;
			productType = "com.apple.product-type.bundle.ui-testing";
		};
/* End PBXNativeTarget section */

/* Begin PBXProject section */
		BD5316722ABAEC0C00063CA1 /* Project object */ = {
			isa = PBXProject;
			attributes = {
				BuildIndependentTargetsInParallel = 1;
				LastSwiftUpdateCheck = 1430;
				LastUpgradeCheck = 1430;
				TargetAttributes = {
					BD5316792ABAEC0D00063CA1 = {
						CreatedOnToolsVersion = 14.3.1;
					};
					BD5316892ABAEC0E00063CA1 = {
						CreatedOnToolsVersion = 14.3.1;
						TestTargetID = BD5316792ABAEC0D00063CA1;
					};
					BD5316932ABAEC0E00063CA1 = {
						CreatedOnToolsVersion = 14.3.1;
						TestTargetID = BD5316792ABAEC0D00063CA1;
					};
				};
			};
			buildConfigurationList = BD5316752ABAEC0C00063CA1 /* Build configuration list for PBXProject "Tutorial101" */;
			compatibilityVersion = "Xcode 14.0";
			developmentRegion = en;
			hasScannedForEncodings = 0;
			knownRegions = (
				en,
				Base,
			);
			mainGroup = BD5316712ABAEC0C00063CA1;
			productRefGroup = BD53167B2ABAEC0D00063CA1 /* Products */;
			projectDirPath = "";
			projectRoot = "";
			targets = (
				BD5316792ABAEC0D00063CA1 /* Tutorial101 */,
				BD5316892ABAEC0E00063CA1 /* Tutorial101Tests */,
				BD5316932ABAEC0E00063CA1 /* Tutorial101UITests */,
			);
		};
/* End PBXProject section */

/* Begin PBXResourcesBuildPhase section */
		BD5316782ABAEC0D00063CA1 /* Resources */ = {
			isa = PBXResourcesBuildPhase;
			buildActionMask = 2147483647;
			files = (
				BD5316852ABAEC0E00063CA1 /* Preview Assets.xcassets in Resources */,
				BD5316822ABAEC0E00063CA1 /* Assets.xcassets in Resources */,
			);
			runOnlyForDeploymentPostprocessing = 0;
		};
		BD5316882ABAEC0E00063CA1 /* Resources */ = {
			isa = PBXResourcesBuildPhase;
			buildActionMask = 2147483647;
			files = (
			);
			runOnlyForDeploymentPostprocessing = 0;
		};
		BD5316922ABAEC0E00063CA1 /* Resources */ = {
			isa = PBXResourcesBuildPhase;
			buildActionMask = 2147483647;
			files = (
			);
			runOnlyForDeploymentPostprocessing = 0;
		};
/* End PBXResourcesBuildPhase section */

/* Begin PBXSourcesBuildPhase section */
		BD5316762ABAEC0D00063CA1 /* Sources */ = {
			isa = PBXSourcesBuildPhase;
			buildActionMask = 2147483647;
			files = (
				BD5316802ABAEC0D00063CA1 /* ContentView.swift in Sources */,
				BD53167E2ABAEC0D00063CA1 /* Tutorial101App.swift in Sources */,
			);
			runOnlyForDeploymentPostprocessing = 0;
		};
		BD5316862ABAEC0E00063CA1 /* Sources */ = {
			isa = PBXSourcesBuildPhase;
			buildActionMask = 2147483647;
			files = (
				BD53168F2ABAEC0E00063CA1 /* Tutorial101Tests.swift in Sources */,
			);
			runOnlyForDeploymentPostprocessing = 0;
		};
		BD5316902ABAEC0E00063CA1 /* Sources */ = {
			isa = PBXSourcesBuildPhase;
			buildActionMask = 2147483647;
			files = (
				BD5316992ABAEC0E00063CA1 /* Tutorial101UITests.swift in Sources */,
				BD53169B2ABAEC0E00063CA1 /* Tutorial101UITestsLaunchTests.swift in Sources */,
			);
			runOnlyForDeploymentPostprocessing = 0;
		};
/* End PBXSourcesBuildPhase section */

/* Begin PBXTargetDependency section */
		BD53168C2ABAEC0E00063CA1 /* PBXTargetDependency */ = {
			isa = PBXTargetDependency;
			target = BD5316792ABAEC0D00063CA1 /* Tutorial101 */;
			targetProxy = BD53168B2ABAEC0E00063CA1 /* PBXContainerItemProxy */;
		};
		BD5316962ABAEC0E00063CA1 /* PBXTargetDependency */ = {
			isa = PBXTargetDependency;
			target = BD5316792ABAEC0D00063CA1 /* Tutorial101 */;
			targetProxy = BD5316952ABAEC0E00063CA1 /* PBXContainerItemProxy */;
		};
/* End PBXTargetDependency section */

/* Begin XCBuildConfiguration section */
		BD53169C2ABAEC0E00063CA1 /* Debug */ = {
			isa = XCBuildConfiguration;
			buildSettings = {
				ALWAYS_SEARCH_USER_PATHS = NO;
				CLANG_ANALYZER_NONNULL = YES;
				CLANG_ANALYZER_NUMBER_OBJECT_CONVERSION = YES_AGGRESSIVE;
				CLANG_CXX_LANGUAGE_STANDARD = "gnu++20";
				CLANG_ENABLE_MODULES = YES;
				CLANG_ENABLE_OBJC_ARC = YES;
				CLANG_ENABLE_OBJC_WEAK = YES;
				CLANG_WARN_BLOCK_CAPTURE_AUTORELEASING = YES;
				CLANG_WARN_BOOL_CONVERSION = YES;
				CLANG_WARN_COMMA = YES;
				CLANG_WARN_CONSTANT_CONVERSION = YES;
				CLANG_WARN_DEPRECATED_OBJC_IMPLEMENTATIONS = YES;
				CLANG_WARN_DIRECT_OBJC_ISA_USAGE = YES_ERROR;
				CLANG_WARN_DOCUMENTATION_COMMENTS = YES;
				CLANG_WARN_EMPTY_BODY = YES;
				CLANG_WARN_ENUM_CONVERSION = YES;
				CLANG_WARN_INFINITE_RECURSION = YES;
				CLANG_WARN_INT_CONVERSION = YES;
				CLANG_WARN_NON_LITERAL_NULL_CONVERSION = YES;
				CLANG_WARN_OBJC_IMPLICIT_RETAIN_SELF = YES;
				CLANG_WARN_OBJC_LITERAL_CONVERSION = YES;
				CLANG_WARN_OBJC_ROOT_CLASS = YES_ERROR;
				CLANG_WARN_QUOTED_INCLUDE_IN_FRAMEWORK_HEADER = YES;
				CLANG_WARN_RANGE_LOOP_ANALYSIS = YES;
				CLANG_WARN_STRICT_PROTOTYPES = YES;
				CLANG_WARN_SUSPICIOUS_MOVE = YES;
				CLANG_WARN_UNGUARDED_AVAILABILITY = YES_AGGRESSIVE;
				CLANG_WARN_UNREACHABLE_CODE = YES;
				CLANG_WARN__DUPLICATE_METHOD_MATCH = YES;
				COPY_PHASE_STRIP = NO;
				DEBUG_INFORMATION_FORMAT = dwarf;
				ENABLE_STRICT_OBJC_MSGSEND = YES;
				ENABLE_TESTABILITY = YES;
				GCC_C_LANGUAGE_STANDARD = gnu11;
				GCC_DYNAMIC_NO_PIC = NO;
				GCC_NO_COMMON_BLOCKS = YES;
				GCC_OPTIMIZATION_LEVEL = 0;
				GCC_PREPROCESSOR_DEFINITIONS = (
					"DEBUG=1",
					"$(inherited)",
				);
				GCC_WARN_64_TO_32_BIT_CONVERSION = YES;
				GCC_WARN_ABOUT_RETURN_TYPE = YES_ERROR;
				GCC_WARN_UNDECLARED_SELECTOR = YES;
				GCC_WARN_UNINITIALIZED_AUTOS = YES_AGGRESSIVE;
				GCC_WARN_UNUSED_FUNCTION = YES;
				GCC_WARN_UNUSED_VARIABLE = YES;
				IPHONEOS_DEPLOYMENT_TARGET = 16.4;
				MTL_ENABLE_DEBUG_INFO = INCLUDE_SOURCE;
				MTL_FAST_MATH = YES;
				ONLY_ACTIVE_ARCH = YES;
				SDKROOT = iphoneos;
				SWIFT_ACTIVE_COMPILATION_CONDITIONS = DEBUG;
				SWIFT_OPTIMIZATION_LEVEL = "-Onone";
			};
			name = Debug;
		};
		BD53169D2ABAEC0E00063CA1 /* Release */ = {
			isa = XCBuildConfiguration;
			buildSettings = {
				ALWAYS_SEARCH_USER_PATHS = NO;
				CLANG_ANALYZER_NONNULL = YES;
				CLANG_ANALYZER_NUMBER_OBJECT_CONVERSION = YES_AGGRESSIVE;
				CLANG_CXX_LANGUAGE_STANDARD = "gnu++20";
				CLANG_ENABLE_MODULES = YES;
				CLANG_ENABLE_OBJC_ARC = YES;
				CLANG_ENABLE_OBJC_WEAK = YES;
				CLANG_WARN_BLOCK_CAPTURE_AUTORELEASING = YES;
				CLANG_WARN_BOOL_CONVERSION = YES;
				CLANG_WARN_COMMA = YES;
				CLANG_WARN_CONSTANT_CONVERSION = YES;
				CLANG_WARN_DEPRECATED_OBJC_IMPLEMENTATIONS = YES;
				CLANG_WARN_DIRECT_OBJC_ISA_USAGE = YES_ERROR;
				CLANG_WARN_DOCUMENTATION_COMMENTS = YES;
				CLANG_WARN_EMPTY_BODY = YES;
				CLANG_WARN_ENUM_CONVERSION = YES;
				CLANG_WARN_INFINITE_RECURSION = YES;
				CLANG_WARN_INT_CONVERSION = YES;
				CLANG_WARN_NON_LITERAL_NULL_CONVERSION = YES;
				CLANG_WARN_OBJC_IMPLICIT_RETAIN_SELF = YES;
				CLANG_WARN_OBJC_LITERAL_CONVERSION = YES;
				CLANG_WARN_OBJC_ROOT_CLASS = YES_ERROR;
				CLANG_WARN_QUOTED_INCLUDE_IN_FRAMEWORK_HEADER = YES;
				CLANG_WARN_RANGE_LOOP_ANALYSIS = YES;
				CLANG_WARN_STRICT_PROTOTYPES = YES;
				CLANG_WARN_SUSPICIOUS_MOVE = YES;
				CLANG_WARN_UNGUARDED_AVAILABILITY = YES_AGGRESSIVE;
				CLANG_WARN_UNREACHABLE_CODE = YES;
				CLANG_WARN__DUPLICATE_METHOD_MATCH = YES;
				COPY_PHASE_STRIP = NO;
				DEBUG_INFORMATION_FORMAT = "dwarf-with-dsym";
				ENABLE_NS_ASSERTIONS = NO;
				ENABLE_STRICT_OBJC_MSGSEND = YES;
				GCC_C_LANGUAGE_STANDARD = gnu11;
				GCC_NO_COMMON_BLOCKS = YES;
				GCC_WARN_64_TO_32_BIT_CONVERSION = YES;
				GCC_WARN_ABOUT_RETURN_TYPE = YES_ERROR;
				GCC_WARN_UNDECLARED_SELECTOR = YES;
				GCC_WARN_UNINITIALIZED_AUTOS = YES_AGGRESSIVE;
				GCC_WARN_UNUSED_FUNCTION = YES;
				GCC_WARN_UNUSED_VARIABLE = YES;
				IPHONEOS_DEPLOYMENT_TARGET = 16.4;
				MTL_ENABLE_DEBUG_INFO = NO;
				MTL_FAST_MATH = YES;
				SDKROOT = iphoneos;
				SWIFT_COMPILATION_MODE = wholemodule;
				SWIFT_OPTIMIZATION_LEVEL = "-O";
				VALIDATE_PRODUCT = YES;
			};
			name = Release;
		};
		BD53169F2ABAEC0E00063CA1 /* Debug */ = {
			isa = XCBuildConfiguration;
			buildSettings = {
				ASSETCATALOG_COMPILER_APPICON_NAME = AppIcon;
				ASSETCATALOG_COMPILER_GLOBAL_ACCENT_COLOR_NAME = AccentColor;
				CODE_SIGN_STYLE = Automatic;
				CURRENT_PROJECT_VERSION = 1;
				DEVELOPMENT_ASSET_PATHS = "\"Tutorial101/Preview Content\"";
				ENABLE_PREVIEWS = YES;
				GENERATE_INFOPLIST_FILE = YES;
				INFOPLIST_KEY_UIApplicationSceneManifest_Generation = YES;
				INFOPLIST_KEY_UIApplicationSupportsIndirectInputEvents = YES;
				INFOPLIST_KEY_UILaunchScreen_Generation = YES;
				INFOPLIST_KEY_UISupportedInterfaceOrientations_iPad = "UIInterfaceOrientationPortrait UIInterfaceOrientationPortraitUpsideDown UIInterfaceOrientationLandscapeLeft UIInterfaceOrientationLandscapeRight";
				INFOPLIST_KEY_UISupportedInterfaceOrientations_iPhone = "UIInterfaceOrientationPortrait UIInterfaceOrientationLandscapeLeft UIInterfaceOrientationLandscapeRight";
				LD_RUNPATH_SEARCH_PATHS = (
					"$(inherited)",
					"@executable_path/Frameworks",
				);
				MARKETING_VERSION = 1.0;
				PRODUCT_BUNDLE_IDENTIFIER = tmp.Tutorial101;
				PRODUCT_NAME = "$(TARGET_NAME)";
				SWIFT_EMIT_LOC_STRINGS = YES;
				SWIFT_VERSION = 5.0;
				TARGETED_DEVICE_FAMILY = "1,2";
			};
			name = Debug;
		};
		BD5316A02ABAEC0E00063CA1 /* Release */ = {
			isa = XCBuildConfiguration;
			buildSettings = {
				ASSETCATALOG_COMPILER_APPICON_NAME = AppIcon;
				ASSETCATALOG_COMPILER_GLOBAL_ACCENT_COLOR_NAME = AccentColor;
				CODE_SIGN_STYLE = Automatic;
				CURRENT_PROJECT_VERSION = 1;
				DEVELOPMENT_ASSET_PATHS = "\"Tutorial101/Preview Content\"";
				ENABLE_PREVIEWS = YES;
				GENERATE_INFOPLIST_FILE = YES;
				INFOPLIST_KEY_UIApplicationSceneManifest_Generation = YES;
				INFOPLIST_KEY_UIApplicationSupportsIndirectInputEvents = YES;
				INFOPLIST_KEY_UILaunchScreen_Generation = YES;
				INFOPLIST_KEY_UISupportedInterfaceOrientations_iPad = "UIInterfaceOrientationPortrait UIInterfaceOrientationPortraitUpsideDown UIInterfaceOrientationLandscapeLeft UIInterfaceOrientationLandscapeRight";
				INFOPLIST_KEY_UISupportedInterfaceOrientations_iPhone = "UIInterfaceOrientationPortrait UIInterfaceOrientationLandscapeLeft UIInterfaceOrientationLandscapeRight";
				LD_RUNPATH_SEARCH_PATHS = (
					"$(inherited)",
					"@executable_path/Frameworks",
				);
				MARKETING_VERSION = 1.0;
				PRODUCT_BUNDLE_IDENTIFIER = tmp.Tutorial101;
				PRODUCT_NAME = "$(TARGET_NAME)";
				SWIFT_EMIT_LOC_STRINGS = YES;
				SWIFT_VERSION = 5.0;
				TARGETED_DEVICE_FAMILY = "1,2";
			};
			name = Release;
		};
		BD5316A22ABAEC0E00063CA1 /* Debug */ = {
			isa = XCBuildConfiguration;
			buildSettings = {
				ALWAYS_EMBED_SWIFT_STANDARD_LIBRARIES = YES;
				BUNDLE_LOADER = "$(TEST_HOST)";
				CODE_SIGN_STYLE = Automatic;
				CURRENT_PROJECT_VERSION = 1;
				GENERATE_INFOPLIST_FILE = YES;
				IPHONEOS_DEPLOYMENT_TARGET = 16.4;
				MARKETING_VERSION = 1.0;
				PRODUCT_BUNDLE_IDENTIFIER = tmp.Tutorial101Tests;
				PRODUCT_NAME = "$(TARGET_NAME)";
				SWIFT_EMIT_LOC_STRINGS = NO;
				SWIFT_VERSION = 5.0;
				TARGETED_DEVICE_FAMILY = "1,2";
				TEST_HOST = "$(BUILT_PRODUCTS_DIR)/Tutorial101.app/$(BUNDLE_EXECUTABLE_FOLDER_PATH)/Tutorial101";
			};
			name = Debug;
		};
		BD5316A32ABAEC0E00063CA1 /* Release */ = {
			isa = XCBuildConfiguration;
			buildSettings = {
				ALWAYS_EMBED_SWIFT_STANDARD_LIBRARIES = YES;
				BUNDLE_LOADER = "$(TEST_HOST)";
				CODE_SIGN_STYLE = Automatic;
				CURRENT_PROJECT_VERSION = 1;
				GENERATE_INFOPLIST_FILE = YES;
				IPHONEOS_DEPLOYMENT_TARGET = 16.4;
				MARKETING_VERSION = 1.0;
				PRODUCT_BUNDLE_IDENTIFIER = tmp.Tutorial101Tests;
				PRODUCT_NAME = "$(TARGET_NAME)";
				SWIFT_EMIT_LOC_STRINGS = NO;
				SWIFT_VERSION = 5.0;
				TARGETED_DEVICE_FAMILY = "1,2";
				TEST_HOST = "$(BUILT_PRODUCTS_DIR)/Tutorial101.app/$(BUNDLE_EXECUTABLE_FOLDER_PATH)/Tutorial101";
			};
			name = Release;
		};
		BD5316A52ABAEC0E00063CA1 /* Debug */ = {
			isa = XCBuildConfiguration;
			buildSettings = {
				ALWAYS_EMBED_SWIFT_STANDARD_LIBRARIES = YES;
				CODE_SIGN_STYLE = Automatic;
				CURRENT_PROJECT_VERSION = 1;
				GENERATE_INFOPLIST_FILE = YES;
				MARKETING_VERSION = 1.0;
				PRODUCT_BUNDLE_IDENTIFIER = tmp.Tutorial101UITests;
				PRODUCT_NAME = "$(TARGET_NAME)";
				SWIFT_EMIT_LOC_STRINGS = NO;
				SWIFT_VERSION = 5.0;
				TARGETED_DEVICE_FAMILY = "1,2";
				TEST_TARGET_NAME = Tutorial101;
			};
			name = Debug;
		};
		BD5316A62ABAEC0E00063CA1 /* Release */ = {
			isa = XCBuildConfiguration;
			buildSettings = {
				ALWAYS_EMBED_SWIFT_STANDARD_LIBRARIES = YES;
				CODE_SIGN_STYLE = Automatic;
				CURRENT_PROJECT_VERSION = 1;
				GENERATE_INFOPLIST_FILE = YES;
				MARKETING_VERSION = 1.0;
				PRODUCT_BUNDLE_IDENTIFIER = tmp.Tutorial101UITests;
				PRODUCT_NAME = "$(TARGET_NAME)";
				SWIFT_EMIT_LOC_STRINGS = NO;
				SWIFT_VERSION = 5.0;
				TARGETED_DEVICE_FAMILY = "1,2";
				TEST_TARGET_NAME = Tutorial101;
			};
			name = Release;
		};
/* End XCBuildConfiguration section */

/* Begin XCConfigurationList section */
		BD5316752ABAEC0C00063CA1 /* Build configuration list for PBXProject "Tutorial101" */ = {
			isa = XCConfigurationList;
			buildConfigurations = (
				BD53169C2ABAEC0E00063CA1 /* Debug */,
				BD53169D2ABAEC0E00063CA1 /* Release */,
			);
			defaultConfigurationIsVisible = 0;
			defaultConfigurationName = Release;
		};
		BD53169E2ABAEC0E00063CA1 /* Build configuration list for PBXNativeTarget "Tutorial101" */ = {
			isa = XCConfigurationList;
			buildConfigurations = (
				BD53169F2ABAEC0E00063CA1 /* Debug */,
				BD5316A02ABAEC0E00063CA1 /* Release */,
			);
			defaultConfigurationIsVisible = 0;
			defaultConfigurationName = Release;
		};
		BD5316A12ABAEC0E00063CA1 /* Build configuration list for PBXNativeTarget "Tutorial101Tests" */ = {
			isa = XCConfigurationList;
			buildConfigurations = (
				BD5316A22ABAEC0E00063CA1 /* Debug */,
				BD5316A32ABAEC0E00063CA1 /* Release */,
			);
			defaultConfigurationIsVisible = 0;
			defaultConfigurationName = Release;
		};
		BD5316A42ABAEC0E00063CA1 /* Build configuration list for PBXNativeTarget "Tutorial101UITests" */ = {
			isa = XCConfigurationList;
			buildConfigurations = (
				BD5316A52ABAEC0E00063CA1 /* Debug */,
				BD5316A62ABAEC0E00063CA1 /* Release */,
			);
			defaultConfigurationIsVisible = 0;
			defaultConfigurationName = Release;
		};
/* End XCConfigurationList section */
	};
	rootObject = BD5316722ABAEC0C00063CA1 /* Project object */;
}
